
Microsoft Visual Studio Solution File, Format Version 12.00
# Visual Studio Version 17
VisualStudioVersion = 17.8.34330.188
MinimumVisualStudioVersion = 10.0.40219.1
Project("{FAE04EC0-301F-11D3-BF4B-00C04F79EFBC}") = "LottoReader", "LottoReader.csproj", "{C2BE5664-EC81-4583-A7E4-9E1899014C76}"
EndProject
Global
	GlobalSection(SolutionConfigurationPlatforms) = preSolution
		Debug|Any CPU = Debug|Any CPU
		Release|Any CPU = Release|Any CPU
	EndGlobalSection
	GlobalSection(ProjectConfigurationPlatforms) = postSolution
		{C2BE5664-EC81-4583-A7E4-9E1899014C76}.Debug|Any CPU.ActiveCfg = Debug|Any CPU
		{C2BE5664-EC81-4583-A7E4-9E1899014C76}.Debug|Any CPU.Build.0 = Debug|Any CPU
		{C2BE5664-EC81-4583-A7E4-9E1899014C76}.Release|Any CPU.ActiveCfg = Release|Any CPU
		{C2BE5664-EC81-4583-A7E4-9E1899014C76}.Release|Any CPU.Build.0 = Release|Any CPU
	EndGlobalSection
	GlobalSection(SolutionProperties) = preSolution
		HideSolutionNode = FALSE
	EndGlobalSection
	GlobalSection(ExtensibilityGlobals) = postSolution
		SolutionGuid = {677C7A02-B093-46D2-B5F7-DC4AEF9BCA42}
	EndGlobalSection
EndGlobal
