
Microsoft Visual Studio Solution File, Format Version 12.00
# Visual Studio Version 17
VisualStudioVersion = 17.7.34024.191
MinimumVisualStudioVersion = 10.0.40219.1
Project("{FAE04EC0-301F-11D3-BF4B-00C04F79EFBC}") = "oef 3", "oef 3\oef 3.csproj", "{036FE8E9-0F6C-402A-9D3D-E3A6B7591B47}"
EndProject
Global
	GlobalSection(SolutionConfigurationPlatforms) = preSolution
		Debug|Any CPU = Debug|Any CPU
		Release|Any CPU = Release|Any CPU
	EndGlobalSection
	GlobalSection(ProjectConfigurationPlatforms) = postSolution
		{036FE8E9-0F6C-402A-9D3D-E3A6B7591B47}.Debug|Any CPU.ActiveCfg = Debug|Any CPU
		{036FE8E9-0F6C-402A-9D3D-E3A6B7591B47}.Debug|Any CPU.Build.0 = Debug|Any CPU
		{036FE8E9-0F6C-402A-9D3D-E3A6B7591B47}.Release|Any CPU.ActiveCfg = Release|Any CPU
		{036FE8E9-0F6C-402A-9D3D-E3A6B7591B47}.Release|Any CPU.Build.0 = Release|Any CPU
	EndGlobalSection
	GlobalSection(SolutionProperties) = preSolution
		HideSolutionNode = FALSE
	EndGlobalSection
	GlobalSection(ExtensibilityGlobals) = postSolution
		SolutionGuid = {F0B74D31-B96D-48A7-B301-2E179709EB55}
	EndGlobalSection
EndGlobal
