
Microsoft Visual Studio Solution File, Format Version 12.00
# Visual Studio Version 17
VisualStudioVersion = 17.7.34024.191
MinimumVisualStudioVersion = 10.0.40219.1
Project("{FAE04EC0-301F-11D3-BF4B-00C04F79EFBC}") = "H02VB01", "H02VB01\H02VB01.csproj", "{9ACD31B7-B6B8-484B-8B30-2118A0E87563}"
EndProject
Global
	GlobalSection(SolutionConfigurationPlatforms) = preSolution
		Debug|Any CPU = Debug|Any CPU
		Release|Any CPU = Release|Any CPU
	EndGlobalSection
	GlobalSection(ProjectConfigurationPlatforms) = postSolution
		{9ACD31B7-B6B8-484B-8B30-2118A0E87563}.Debug|Any CPU.ActiveCfg = Debug|Any CPU
		{9ACD31B7-B6B8-484B-8B30-2118A0E87563}.Debug|Any CPU.Build.0 = Debug|Any CPU
		{9ACD31B7-B6B8-484B-8B30-2118A0E87563}.Release|Any CPU.ActiveCfg = Release|Any CPU
		{9ACD31B7-B6B8-484B-8B30-2118A0E87563}.Release|Any CPU.Build.0 = Release|Any CPU
	EndGlobalSection
	GlobalSection(SolutionProperties) = preSolution
		HideSolutionNode = FALSE
	EndGlobalSection
	GlobalSection(ExtensibilityGlobals) = postSolution
		SolutionGuid = {57E128E2-6391-427E-B1BF-DB0173744237}
	EndGlobalSection
EndGlobal
