
Microsoft Visual Studio Solution File, Format Version 12.00
# Visual Studio Version 17
VisualStudioVersion = 17.9.34616.47
MinimumVisualStudioVersion = 10.0.40219.1
Project("{FAE04EC0-301F-11D3-BF4B-00C04F79EFBC}") = "examenVraag", "examenVraag\examenVraag.csproj", "{93A56E9B-F596-43FF-AEB9-C8FE5682297B}"
EndProject
Global
	GlobalSection(SolutionConfigurationPlatforms) = preSolution
		Debug|Any CPU = Debug|Any CPU
		Release|Any CPU = Release|Any CPU
	EndGlobalSection
	GlobalSection(ProjectConfigurationPlatforms) = postSolution
		{93A56E9B-F596-43FF-AEB9-C8FE5682297B}.Debug|Any CPU.ActiveCfg = Debug|Any CPU
		{93A56E9B-F596-43FF-AEB9-C8FE5682297B}.Debug|Any CPU.Build.0 = Debug|Any CPU
		{93A56E9B-F596-43FF-AEB9-C8FE5682297B}.Release|Any CPU.ActiveCfg = Release|Any CPU
		{93A56E9B-F596-43FF-AEB9-C8FE5682297B}.Release|Any CPU.Build.0 = Release|Any CPU
	EndGlobalSection
	GlobalSection(SolutionProperties) = preSolution
		HideSolutionNode = FALSE
	EndGlobalSection
	GlobalSection(ExtensibilityGlobals) = postSolution
		SolutionGuid = {E25EDA53-86F8-43B6-9AE2-A93D52C92AC0}
	EndGlobalSection
EndGlobal
