
Microsoft Visual Studio Solution File, Format Version 12.00
# Visual Studio Version 17
VisualStudioVersion = 17.7.34221.43
MinimumVisualStudioVersion = 10.0.40219.1
Project("{FAE04EC0-301F-11D3-BF4B-00C04F79EFBC}") = "GroupAnagrams", "GroupAnagrams\GroupAnagrams.csproj", "{37B015B3-DCFD-4C7A-A4BF-3DD6F064AF92}"
EndProject
Global
	GlobalSection(SolutionConfigurationPlatforms) = preSolution
		Debug|Any CPU = Debug|Any CPU
		Release|Any CPU = Release|Any CPU
	EndGlobalSection
	GlobalSection(ProjectConfigurationPlatforms) = postSolution
		{37B015B3-DCFD-4C7A-A4BF-3DD6F064AF92}.Debug|Any CPU.ActiveCfg = Debug|Any CPU
		{37B015B3-DCFD-4C7A-A4BF-3DD6F064AF92}.Debug|Any CPU.Build.0 = Debug|Any CPU
		{37B015B3-DCFD-4C7A-A4BF-3DD6F064AF92}.Release|Any CPU.ActiveCfg = Release|Any CPU
		{37B015B3-DCFD-4C7A-A4BF-3DD6F064AF92}.Release|Any CPU.Build.0 = Release|Any CPU
	EndGlobalSection
	GlobalSection(SolutionProperties) = preSolution
		HideSolutionNode = FALSE
	EndGlobalSection
	GlobalSection(ExtensibilityGlobals) = postSolution
		SolutionGuid = {07932B43-AEDB-4B55-AB27-C44D953E2FE2}
	EndGlobalSection
EndGlobal
