
Microsoft Visual Studio Solution File, Format Version 12.00
# Visual Studio Version 17
VisualStudioVersion = 17.9.34723.18
MinimumVisualStudioVersion = 10.0.40219.1
Project("{FAE04EC0-301F-11D3-BF4B-00C04F79EFBC}") = "Vraag 3 - Exceptions", "Vraag 3 - Exceptions\Vraag 3 - Exceptions.csproj", "{6CE65430-1648-4221-8D16-D349B433BCED}"
EndProject
Global
	GlobalSection(SolutionConfigurationPlatforms) = preSolution
		Debug|Any CPU = Debug|Any CPU
		Release|Any CPU = Release|Any CPU
	EndGlobalSection
	GlobalSection(ProjectConfigurationPlatforms) = postSolution
		{6CE65430-1648-4221-8D16-D349B433BCED}.Debug|Any CPU.ActiveCfg = Debug|Any CPU
		{6CE65430-1648-4221-8D16-D349B433BCED}.Debug|Any CPU.Build.0 = Debug|Any CPU
		{6CE65430-1648-4221-8D16-D349B433BCED}.Release|Any CPU.ActiveCfg = Release|Any CPU
		{6CE65430-1648-4221-8D16-D349B433BCED}.Release|Any CPU.Build.0 = Release|Any CPU
	EndGlobalSection
	GlobalSection(SolutionProperties) = preSolution
		HideSolutionNode = FALSE
	EndGlobalSection
	GlobalSection(ExtensibilityGlobals) = postSolution
		SolutionGuid = {C73949D1-73BE-44FD-BEC0-1BEF69BEE4F8}
	EndGlobalSection
EndGlobal
