
Microsoft Visual Studio Solution File, Format Version 12.00
# Visual Studio Version 17
VisualStudioVersion = 17.9.34616.47
MinimumVisualStudioVersion = 10.0.40219.1
Project("{FAE04EC0-301F-11D3-BF4B-00C04F79EFBC}") = "ziekenhuis", "ziekenhuis\ziekenhuis.csproj", "{4EE5B232-022A-4861-B744-A9EB1A872ADB}"
EndProject
Global
	GlobalSection(SolutionConfigurationPlatforms) = preSolution
		Debug|Any CPU = Debug|Any CPU
		Release|Any CPU = Release|Any CPU
	EndGlobalSection
	GlobalSection(ProjectConfigurationPlatforms) = postSolution
		{4EE5B232-022A-4861-B744-A9EB1A872ADB}.Debug|Any CPU.ActiveCfg = Debug|Any CPU
		{4EE5B232-022A-4861-B744-A9EB1A872ADB}.Debug|Any CPU.Build.0 = Debug|Any CPU
		{4EE5B232-022A-4861-B744-A9EB1A872ADB}.Release|Any CPU.ActiveCfg = Release|Any CPU
		{4EE5B232-022A-4861-B744-A9EB1A872ADB}.Release|Any CPU.Build.0 = Release|Any CPU
	EndGlobalSection
	GlobalSection(SolutionProperties) = preSolution
		HideSolutionNode = FALSE
	EndGlobalSection
	GlobalSection(ExtensibilityGlobals) = postSolution
		SolutionGuid = {A29FB71D-7A6A-415E-A7B4-693664368CDC}
	EndGlobalSection
EndGlobal
