
Microsoft Visual Studio Solution File, Format Version 12.00
# Visual Studio Version 17
VisualStudioVersion = 17.7.34024.191
MinimumVisualStudioVersion = 10.0.40219.1
Project("{FAE04EC0-301F-11D3-BF4B-00C04F79EFBC}") = "Opdracht1test", "Opdracht1test\Opdracht1test.csproj", "{5EF60348-1B70-46A1-B190-E1F50CC9FE0A}"
EndProject
Global
	GlobalSection(SolutionConfigurationPlatforms) = preSolution
		Debug|Any CPU = Debug|Any CPU
		Release|Any CPU = Release|Any CPU
	EndGlobalSection
	GlobalSection(ProjectConfigurationPlatforms) = postSolution
		{5EF60348-1B70-46A1-B190-E1F50CC9FE0A}.Debug|Any CPU.ActiveCfg = Debug|Any CPU
		{5EF60348-1B70-46A1-B190-E1F50CC9FE0A}.Debug|Any CPU.Build.0 = Debug|Any CPU
		{5EF60348-1B70-46A1-B190-E1F50CC9FE0A}.Release|Any CPU.ActiveCfg = Release|Any CPU
		{5EF60348-1B70-46A1-B190-E1F50CC9FE0A}.Release|Any CPU.Build.0 = Release|Any CPU
	EndGlobalSection
	GlobalSection(SolutionProperties) = preSolution
		HideSolutionNode = FALSE
	EndGlobalSection
	GlobalSection(ExtensibilityGlobals) = postSolution
		SolutionGuid = {78955DA1-412C-42B4-B8C6-5D2FC40F95EB}
	EndGlobalSection
EndGlobal
